
Microsoft Visual Studio Solution File, Format Version 12.00
# Visual Studio 15
VisualStudioVersion = 15.0.28307.168
MinimumVisualStudioVersion = 10.0.40219.1
Project("{FAE04EC0-301F-11D3-BF4B-00C04F79EFBC}") = "StringFn", "StringFn\StringFn.csproj", "{DCD66896-2361-4255-98B6-B769132F3C55}"
EndProject
Global
	GlobalSection(SolutionConfigurationPlatforms) = preSolution
		Debug|Any CPU = Debug|Any CPU
		Release|Any CPU = Release|Any CPU
	EndGlobalSection
	GlobalSection(ProjectConfigurationPlatforms) = postSolution
		{DCD66896-2361-4255-98B6-B769132F3C55}.Debug|Any CPU.ActiveCfg = Debug|Any CPU
		{DCD66896-2361-4255-98B6-B769132F3C55}.Debug|Any CPU.Build.0 = Debug|Any CPU
		{DCD66896-2361-4255-98B6-B769132F3C55}.Release|Any CPU.ActiveCfg = Release|Any CPU
		{DCD66896-2361-4255-98B6-B769132F3C55}.Release|Any CPU.Build.0 = Release|Any CPU
	EndGlobalSection
	GlobalSection(SolutionProperties) = preSolution
		HideSolutionNode = FALSE
	EndGlobalSection
	GlobalSection(ExtensibilityGlobals) = postSolution
		SolutionGuid = {AF944A27-423D-4061-8ABE-F9C8ED599452}
	EndGlobalSection
EndGlobal
