
Microsoft Visual Studio Solution File, Format Version 12.00
# Visual Studio 15
VisualStudioVersion = 15.0.28307.168
MinimumVisualStudioVersion = 10.0.40219.1
Project("{FAE04EC0-301F-11D3-BF4B-00C04F79EFBC}") = "ArrayNList", "ArrayNList\ArrayNList.csproj", "{57353535-AB45-4FAE-9D49-7E47F4D22667}"
EndProject
Global
	GlobalSection(SolutionConfigurationPlatforms) = preSolution
		Debug|Any CPU = Debug|Any CPU
		Release|Any CPU = Release|Any CPU
	EndGlobalSection
	GlobalSection(ProjectConfigurationPlatforms) = postSolution
		{57353535-AB45-4FAE-9D49-7E47F4D22667}.Debug|Any CPU.ActiveCfg = Debug|Any CPU
		{57353535-AB45-4FAE-9D49-7E47F4D22667}.Debug|Any CPU.Build.0 = Debug|Any CPU
		{57353535-AB45-4FAE-9D49-7E47F4D22667}.Release|Any CPU.ActiveCfg = Release|Any CPU
		{57353535-AB45-4FAE-9D49-7E47F4D22667}.Release|Any CPU.Build.0 = Release|Any CPU
	EndGlobalSection
	GlobalSection(SolutionProperties) = preSolution
		HideSolutionNode = FALSE
	EndGlobalSection
	GlobalSection(ExtensibilityGlobals) = postSolution
		SolutionGuid = {8FF901F2-12CD-40B4-8642-372C84DEFDF9}
	EndGlobalSection
EndGlobal
